{
  "lockfile-version": 1,
  "manifest": {
    "version": 1,
    "install": {
      "fish": {
        "pkg-path": "fish"
      },
      "gh": {
        "pkg-path": "gh"
      },
      "nixvim": {
        "flake": "github:cookieuzen/nixvim"
      },
      "nodejs": {
        "pkg-path": "nodejs"
      },
      "ripgrep": {
        "pkg-path": "ripgrep"
      },
      "starship": {
        "pkg-path": "starship"
      }
    },
    "hook": {
      "on-activate": "  # -> Set variables, create files and directories\n  # -> Perform initialization steps, e.g. create a python venv\n  # -> Useful environment variables:\n  #      - FLOX_ENV_PROJECT=/home/user/example\n  #      - FLOX_ENV=/home/user/example/.flox/run\n  #      - FLOX_ENV_CACHE=/home/user/example/.flox/cache\n  fish\n"
    },
    "profile": {},
    "options": {
      "systems": [
        "aarch64-darwin",
        "aarch64-linux",
        "x86_64-darwin",
        "x86_64-linux"
      ]
    }
  },
  "packages": [
    {
      "attr_path": "fish",
      "broken": false,
      "derivation": "/nix/store/i5qd5rcx75ni8gj5x9y68qvgx20lpw12-fish-4.0.1.drv",
      "description": "Smart and user-friendly command line shell",
      "install_id": "fish",
      "license": "GPL-2.0-only",
      "locked_url": "https://github.com/flox/nixpkgs?rev=f675531bc7e6657c10a18b565cfebd8aa9e24c14",
      "name": "fish-4.0.1",
      "pname": "fish",
      "rev": "f675531bc7e6657c10a18b565cfebd8aa9e24c14",
      "rev_count": 781462,
      "rev_date": "2025-04-09T21:06:01Z",
      "scrape_date": "2025-04-12T01:11:04.920866Z",
      "stabilities": [
        "unstable"
      ],
      "unfree": false,
      "version": "4.0.1",
      "outputs_to_install": [
        "out"
      ],
      "outputs": {
        "doc": "/nix/store/jl9vr5si42w43jqqi5s6yr0cclgcfwv3-fish-4.0.1-doc",
        "out": "/nix/store/kc3wsjq8081nkcvl2a5nrrnngjvxkg8l-fish-4.0.1"
      },
      "system": "aarch64-darwin",
      "group": "toplevel",
      "priority": 5
    },
    {
      "attr_path": "fish",
      "broken": false,
      "derivation": "/nix/store/cnp95j4wdwdb60l418fvp85vqk9k56al-fish-4.0.1.drv",
      "description": "Smart and user-friendly command line shell",
      "install_id": "fish",
      "license": "GPL-2.0-only",
      "locked_url": "https://github.com/flox/nixpkgs?rev=f675531bc7e6657c10a18b565cfebd8aa9e24c14",
      "name": "fish-4.0.1",
      "pname": "fish",
      "rev": "f675531bc7e6657c10a18b565cfebd8aa9e24c14",
      "rev_count": 781462,
      "rev_date": "2025-04-09T21:06:01Z",
      "scrape_date": "2025-04-12T01:27:41.931783Z",
      "stabilities": [
        "unstable"
      ],
      "unfree": false,
      "version": "4.0.1",
      "outputs_to_install": [
        "out"
      ],
      "outputs": {
        "doc": "/nix/store/263ig4x2whcdajq8q8fwzbrr8af9xyvw-fish-4.0.1-doc",
        "out": "/nix/store/4nhi1jyl1dji0r1hlkq0wkxmf3yjgb1h-fish-4.0.1"
      },
      "system": "aarch64-linux",
      "group": "toplevel",
      "priority": 5
    },
    {
      "attr_path": "fish",
      "broken": false,
      "derivation": "/nix/store/gazy3nayc82vz6n2al1yl7i74xm7cg62-fish-4.0.1.drv",
      "description": "Smart and user-friendly command line shell",
      "install_id": "fish",
      "license": "GPL-2.0-only",
      "locked_url": "https://github.com/flox/nixpkgs?rev=f675531bc7e6657c10a18b565cfebd8aa9e24c14",
      "name": "fish-4.0.1",
      "pname": "fish",
      "rev": "f675531bc7e6657c10a18b565cfebd8aa9e24c14",
      "rev_count": 781462,
      "rev_date": "2025-04-09T21:06:01Z",
      "scrape_date": "2025-04-12T01:43:09.616460Z",
      "stabilities": [
        "unstable"
      ],
      "unfree": false,
      "version": "4.0.1",
      "outputs_to_install": [
        "out"
      ],
      "outputs": {
        "doc": "/nix/store/78xaq179037z4d6lhhxk4v5lfqf9wpp4-fish-4.0.1-doc",
        "out": "/nix/store/fja84x1y379sllq4rwmsv1bpyz89ga8n-fish-4.0.1"
      },
      "system": "x86_64-darwin",
      "group": "toplevel",
      "priority": 5
    },
    {
      "attr_path": "fish",
      "broken": false,
      "derivation": "/nix/store/jg5lp8ndp2x28i7xx5frp6c70gcam7gp-fish-4.0.1.drv",
      "description": "Smart and user-friendly command line shell",
      "install_id": "fish",
      "license": "GPL-2.0-only",
      "locked_url": "https://github.com/flox/nixpkgs?rev=f675531bc7e6657c10a18b565cfebd8aa9e24c14",
      "name": "fish-4.0.1",
      "pname": "fish",
      "rev": "f675531bc7e6657c10a18b565cfebd8aa9e24c14",
      "rev_count": 781462,
      "rev_date": "2025-04-09T21:06:01Z",
      "scrape_date": "2025-04-12T02:01:22.263726Z",
      "stabilities": [
        "unstable"
      ],
      "unfree": false,
      "version": "4.0.1",
      "outputs_to_install": [
        "out"
      ],
      "outputs": {
        "doc": "/nix/store/71vcscnq0h9a8hbmf1mxqj1lizpdv8fc-fish-4.0.1-doc",
        "out": "/nix/store/j2qz2d900y518k2hq6myl60g2vyh7l19-fish-4.0.1"
      },
      "system": "x86_64-linux",
      "group": "toplevel",
      "priority": 5
    },
    {
      "attr_path": "gh",
      "broken": false,
      "derivation": "/nix/store/s52kqgybwx5212rvd1kzv9w9639kffxh-gh-2.69.0.drv",
      "description": "GitHub CLI tool",
      "install_id": "gh",
      "license": "MIT",
      "locked_url": "https://github.com/flox/nixpkgs?rev=f675531bc7e6657c10a18b565cfebd8aa9e24c14",
      "name": "gh-2.69.0",
      "pname": "gh",
      "rev": "f675531bc7e6657c10a18b565cfebd8aa9e24c14",
      "rev_count": 781462,
      "rev_date": "2025-04-09T21:06:01Z",
      "scrape_date": "2025-04-12T01:11:05.047356Z",
      "stabilities": [
        "unstable"
      ],
      "unfree": false,
      "version": "2.69.0",
      "outputs_to_install": [
        "out"
      ],
      "outputs": {
        "out": "/nix/store/68qkvw2pfpnajdm8s9gbnwwx1n26b2jv-gh-2.69.0"
      },
      "system": "aarch64-darwin",
      "group": "toplevel",
      "priority": 5
    },
    {
      "attr_path": "gh",
      "broken": false,
      "derivation": "/nix/store/23pj7y5rbsz6y8ixj7aidhh5qgpmj9vj-gh-2.69.0.drv",
      "description": "GitHub CLI tool",
      "install_id": "gh",
      "license": "MIT",
      "locked_url": "https://github.com/flox/nixpkgs?rev=f675531bc7e6657c10a18b565cfebd8aa9e24c14",
      "name": "gh-2.69.0",
      "pname": "gh",
      "rev": "f675531bc7e6657c10a18b565cfebd8aa9e24c14",
      "rev_count": 781462,
      "rev_date": "2025-04-09T21:06:01Z",
      "scrape_date": "2025-04-12T01:27:42.153977Z",
      "stabilities": [
        "unstable"
      ],
      "unfree": false,
      "version": "2.69.0",
      "outputs_to_install": [
        "out"
      ],
      "outputs": {
        "out": "/nix/store/af5xmfq74g857jzxg78m5ssg20i591zp-gh-2.69.0"
      },
      "system": "aarch64-linux",
      "group": "toplevel",
      "priority": 5
    },
    {
      "attr_path": "gh",
      "broken": false,
      "derivation": "/nix/store/b0zczlfaymss0xbvq7rbba3qyxi8fzpd-gh-2.69.0.drv",
      "description": "GitHub CLI tool",
      "install_id": "gh",
      "license": "MIT",
      "locked_url": "https://github.com/flox/nixpkgs?rev=f675531bc7e6657c10a18b565cfebd8aa9e24c14",
      "name": "gh-2.69.0",
      "pname": "gh",
      "rev": "f675531bc7e6657c10a18b565cfebd8aa9e24c14",
      "rev_count": 781462,
      "rev_date": "2025-04-09T21:06:01Z",
      "scrape_date": "2025-04-12T01:43:09.746848Z",
      "stabilities": [
        "unstable"
      ],
      "unfree": false,
      "version": "2.69.0",
      "outputs_to_install": [
        "out"
      ],
      "outputs": {
        "out": "/nix/store/p5maq36gvhlb9lhgkwr45w1hk46lkayx-gh-2.69.0"
      },
      "system": "x86_64-darwin",
      "group": "toplevel",
      "priority": 5
    },
    {
      "attr_path": "gh",
      "broken": false,
      "derivation": "/nix/store/ypiqq0r84m9kd1qdaqncd2c70ndr94ma-gh-2.69.0.drv",
      "description": "GitHub CLI tool",
      "install_id": "gh",
      "license": "MIT",
      "locked_url": "https://github.com/flox/nixpkgs?rev=f675531bc7e6657c10a18b565cfebd8aa9e24c14",
      "name": "gh-2.69.0",
      "pname": "gh",
      "rev": "f675531bc7e6657c10a18b565cfebd8aa9e24c14",
      "rev_count": 781462,
      "rev_date": "2025-04-09T21:06:01Z",
      "scrape_date": "2025-04-12T02:01:22.519791Z",
      "stabilities": [
        "unstable"
      ],
      "unfree": false,
      "version": "2.69.0",
      "outputs_to_install": [
        "out"
      ],
      "outputs": {
        "out": "/nix/store/a42dil5xrgf74ir5nnryhyg4v0ymkpi0-gh-2.69.0"
      },
      "system": "x86_64-linux",
      "group": "toplevel",
      "priority": 5
    },
    {
      "attr_path": "nodejs",
      "broken": false,
      "derivation": "/nix/store/v4xdr255vdcghnqyvk7ih2ppvx0lapfk-nodejs-22.14.0.drv",
      "description": "Event-driven I/O framework for the V8 JavaScript engine",
      "install_id": "nodejs",
      "license": "MIT",
      "locked_url": "https://github.com/flox/nixpkgs?rev=f675531bc7e6657c10a18b565cfebd8aa9e24c14",
      "name": "nodejs-22.14.0",
      "pname": "nodejs",
      "rev": "f675531bc7e6657c10a18b565cfebd8aa9e24c14",
      "rev_count": 781462,
      "rev_date": "2025-04-09T21:06:01Z",
      "scrape_date": "2025-04-12T01:11:07.457740Z",
      "stabilities": [
        "unstable"
      ],
      "unfree": false,
      "version": "22.14.0",
      "outputs_to_install": [
        "out"
      ],
      "outputs": {
        "libv8": "/nix/store/4m6xhygkx74fsd5k99nihgr7vg85f553-nodejs-22.14.0-libv8",
        "out": "/nix/store/i1v519j66jmvpqr5h382i9nanxwa5l6n-nodejs-22.14.0"
      },
      "system": "aarch64-darwin",
      "group": "toplevel",
      "priority": 5
    },
    {
      "attr_path": "nodejs",
      "broken": false,
      "derivation": "/nix/store/6678kk8l6dfvfawlpf8smjm0b6zinn2f-nodejs-22.14.0.drv",
      "description": "Event-driven I/O framework for the V8 JavaScript engine",
      "install_id": "nodejs",
      "license": "MIT",
      "locked_url": "https://github.com/flox/nixpkgs?rev=f675531bc7e6657c10a18b565cfebd8aa9e24c14",
      "name": "nodejs-22.14.0",
      "pname": "nodejs",
      "rev": "f675531bc7e6657c10a18b565cfebd8aa9e24c14",
      "rev_count": 781462,
      "rev_date": "2025-04-09T21:06:01Z",
      "scrape_date": "2025-04-12T01:27:51.489596Z",
      "stabilities": [
        "unstable"
      ],
      "unfree": false,
      "version": "22.14.0",
      "outputs_to_install": [
        "out"
      ],
      "outputs": {
        "libv8": "/nix/store/s8407q9aa2mi2b60zk2mkjjdnv4qw87x-nodejs-22.14.0-libv8",
        "out": "/nix/store/p6183qmkyfkz5sqlv4wbw6a2nnh1r8jf-nodejs-22.14.0"
      },
      "system": "aarch64-linux",
      "group": "toplevel",
      "priority": 5
    },
    {
      "attr_path": "nodejs",
      "broken": false,
      "derivation": "/nix/store/zal73kvqhchl43qs2x7p5cvp57ypd4n3-nodejs-22.14.0.drv",
      "description": "Event-driven I/O framework for the V8 JavaScript engine",
      "install_id": "nodejs",
      "license": "MIT",
      "locked_url": "https://github.com/flox/nixpkgs?rev=f675531bc7e6657c10a18b565cfebd8aa9e24c14",
      "name": "nodejs-22.14.0",
      "pname": "nodejs",
      "rev": "f675531bc7e6657c10a18b565cfebd8aa9e24c14",
      "rev_count": 781462,
      "rev_date": "2025-04-09T21:06:01Z",
      "scrape_date": "2025-04-12T01:43:12.236150Z",
      "stabilities": [
        "unstable"
      ],
      "unfree": false,
      "version": "22.14.0",
      "outputs_to_install": [
        "out"
      ],
      "outputs": {
        "libv8": "/nix/store/sx5pbfq09qkl6bfxcljmhf5s1z049693-nodejs-22.14.0-libv8",
        "out": "/nix/store/mxpq0x25ayiliy6938pflhqvfc1nznkl-nodejs-22.14.0"
      },
      "system": "x86_64-darwin",
      "group": "toplevel",
      "priority": 5
    },
    {
      "attr_path": "nodejs",
      "broken": false,
      "derivation": "/nix/store/2v66xkgfmdipzpwgl813n4mqgck6w3fd-nodejs-22.14.0.drv",
      "description": "Event-driven I/O framework for the V8 JavaScript engine",
      "install_id": "nodejs",
      "license": "MIT",
      "locked_url": "https://github.com/flox/nixpkgs?rev=f675531bc7e6657c10a18b565cfebd8aa9e24c14",
      "name": "nodejs-22.14.0",
      "pname": "nodejs",
      "rev": "f675531bc7e6657c10a18b565cfebd8aa9e24c14",
      "rev_count": 781462,
      "rev_date": "2025-04-09T21:06:01Z",
      "scrape_date": "2025-04-12T02:01:34.118944Z",
      "stabilities": [
        "unstable"
      ],
      "unfree": false,
      "version": "22.14.0",
      "outputs_to_install": [
        "out"
      ],
      "outputs": {
        "libv8": "/nix/store/j4w6685rkqwwl03cc8phm8xiyb2xmbnq-nodejs-22.14.0-libv8",
        "out": "/nix/store/bmakyv5ip1wc9jk155glzdw4vnnrym04-nodejs-22.14.0"
      },
      "system": "x86_64-linux",
      "group": "toplevel",
      "priority": 5
    },
    {
      "attr_path": "ripgrep",
      "broken": false,
      "derivation": "/nix/store/aj2ny57ihq10d76rg1f0cn47mcx1085p-ripgrep-14.1.1.drv",
      "description": "Utility that combines the usability of The Silver Searcher with the raw speed of grep",
      "install_id": "ripgrep",
      "license": "[ Unlicense, MIT ]",
      "locked_url": "https://github.com/flox/nixpkgs?rev=f675531bc7e6657c10a18b565cfebd8aa9e24c14",
      "name": "ripgrep-14.1.1",
      "pname": "ripgrep",
      "rev": "f675531bc7e6657c10a18b565cfebd8aa9e24c14",
      "rev_count": 781462,
      "rev_date": "2025-04-09T21:06:01Z",
      "scrape_date": "2025-04-12T01:11:32.629200Z",
      "stabilities": [
        "unstable"
      ],
      "unfree": false,
      "version": "14.1.1",
      "outputs_to_install": [
        "out"
      ],
      "outputs": {
        "out": "/nix/store/zqhlsfg3n47hlq95wwwf4jgp6b4kmkw1-ripgrep-14.1.1"
      },
      "system": "aarch64-darwin",
      "group": "toplevel",
      "priority": 5
    },
    {
      "attr_path": "ripgrep",
      "broken": false,
      "derivation": "/nix/store/yz9x1nag0afkh9zhxg7za3xhq9p6030h-ripgrep-14.1.1.drv",
      "description": "Utility that combines the usability of The Silver Searcher with the raw speed of grep",
      "install_id": "ripgrep",
      "license": "[ Unlicense, MIT ]",
      "locked_url": "https://github.com/flox/nixpkgs?rev=f675531bc7e6657c10a18b565cfebd8aa9e24c14",
      "name": "ripgrep-14.1.1",
      "pname": "ripgrep",
      "rev": "f675531bc7e6657c10a18b565cfebd8aa9e24c14",
      "rev_count": 781462,
      "rev_date": "2025-04-09T21:06:01Z",
      "scrape_date": "2025-04-12T01:28:30.977438Z",
      "stabilities": [
        "unstable"
      ],
      "unfree": false,
      "version": "14.1.1",
      "outputs_to_install": [
        "out"
      ],
      "outputs": {
        "out": "/nix/store/hf38216d036k3qb2a7mhdjnm9b3cw67l-ripgrep-14.1.1"
      },
      "system": "aarch64-linux",
      "group": "toplevel",
      "priority": 5
    },
    {
      "attr_path": "ripgrep",
      "broken": false,
      "derivation": "/nix/store/9s4pa5i4n05b8vmicd22qn65yi8v9rv9-ripgrep-14.1.1.drv",
      "description": "Utility that combines the usability of The Silver Searcher with the raw speed of grep",
      "install_id": "ripgrep",
      "license": "[ Unlicense, MIT ]",
      "locked_url": "https://github.com/flox/nixpkgs?rev=f675531bc7e6657c10a18b565cfebd8aa9e24c14",
      "name": "ripgrep-14.1.1",
      "pname": "ripgrep",
      "rev": "f675531bc7e6657c10a18b565cfebd8aa9e24c14",
      "rev_count": 781462,
      "rev_date": "2025-04-09T21:06:01Z",
      "scrape_date": "2025-04-12T01:43:37.588200Z",
      "stabilities": [
        "unstable"
      ],
      "unfree": false,
      "version": "14.1.1",
      "outputs_to_install": [
        "out"
      ],
      "outputs": {
        "out": "/nix/store/38dfkpikydr5yai23ns7j1c07k42ddkf-ripgrep-14.1.1"
      },
      "system": "x86_64-darwin",
      "group": "toplevel",
      "priority": 5
    },
    {
      "attr_path": "ripgrep",
      "broken": false,
      "derivation": "/nix/store/dyc4lgvsr663lwza8wsbcwh47j5sgraq-ripgrep-14.1.1.drv",
      "description": "Utility that combines the usability of The Silver Searcher with the raw speed of grep",
      "install_id": "ripgrep",
      "license": "[ Unlicense, MIT ]",
      "locked_url": "https://github.com/flox/nixpkgs?rev=f675531bc7e6657c10a18b565cfebd8aa9e24c14",
      "name": "ripgrep-14.1.1",
      "pname": "ripgrep",
      "rev": "f675531bc7e6657c10a18b565cfebd8aa9e24c14",
      "rev_count": 781462,
      "rev_date": "2025-04-09T21:06:01Z",
      "scrape_date": "2025-04-12T02:02:18.441221Z",
      "stabilities": [
        "unstable"
      ],
      "unfree": false,
      "version": "14.1.1",
      "outputs_to_install": [
        "out"
      ],
      "outputs": {
        "out": "/nix/store/sbn6iya0mr3z14xvrz8s4ink4mi6w7in-ripgrep-14.1.1"
      },
      "system": "x86_64-linux",
      "group": "toplevel",
      "priority": 5
    },
    {
      "attr_path": "starship",
      "broken": false,
      "derivation": "/nix/store/32jqjf4ld7mv7brgvfc2d39p524rfaw1-starship-1.22.1.drv",
      "description": "Minimal, blazing fast, and extremely customizable prompt for any shell",
      "install_id": "starship",
      "license": "ISC",
      "locked_url": "https://github.com/flox/nixpkgs?rev=f675531bc7e6657c10a18b565cfebd8aa9e24c14",
      "name": "starship-1.22.1",
      "pname": "starship",
      "rev": "f675531bc7e6657c10a18b565cfebd8aa9e24c14",
      "rev_count": 781462,
      "rev_date": "2025-04-09T21:06:01Z",
      "scrape_date": "2025-04-12T01:11:44.049693Z",
      "stabilities": [
        "unstable"
      ],
      "unfree": false,
      "version": "1.22.1",
      "outputs_to_install": [
        "out"
      ],
      "outputs": {
        "out": "/nix/store/s6r849fdi4l9q00kq7qcqfcm64s7d075-starship-1.22.1"
      },
      "system": "aarch64-darwin",
      "group": "toplevel",
      "priority": 5
    },
    {
      "attr_path": "starship",
      "broken": false,
      "derivation": "/nix/store/5n88bsa372si9zj3phiskf5xw6h07v4x-starship-1.22.1.drv",
      "description": "Minimal, blazing fast, and extremely customizable prompt for any shell",
      "install_id": "starship",
      "license": "ISC",
      "locked_url": "https://github.com/flox/nixpkgs?rev=f675531bc7e6657c10a18b565cfebd8aa9e24c14",
      "name": "starship-1.22.1",
      "pname": "starship",
      "rev": "f675531bc7e6657c10a18b565cfebd8aa9e24c14",
      "rev_count": 781462,
      "rev_date": "2025-04-09T21:06:01Z",
      "scrape_date": "2025-04-12T01:28:47.134879Z",
      "stabilities": [
        "unstable"
      ],
      "unfree": false,
      "version": "1.22.1",
      "outputs_to_install": [
        "out"
      ],
      "outputs": {
        "out": "/nix/store/hhhgq6lfdrqzinaxyfackqvv34f9s2z8-starship-1.22.1"
      },
      "system": "aarch64-linux",
      "group": "toplevel",
      "priority": 5
    },
    {
      "attr_path": "starship",
      "broken": false,
      "derivation": "/nix/store/pj5i3gmw5p4ag0bnxv6mny9xzi9mlid3-starship-1.22.1.drv",
      "description": "Minimal, blazing fast, and extremely customizable prompt for any shell",
      "install_id": "starship",
      "license": "ISC",
      "locked_url": "https://github.com/flox/nixpkgs?rev=f675531bc7e6657c10a18b565cfebd8aa9e24c14",
      "name": "starship-1.22.1",
      "pname": "starship",
      "rev": "f675531bc7e6657c10a18b565cfebd8aa9e24c14",
      "rev_count": 781462,
      "rev_date": "2025-04-09T21:06:01Z",
      "scrape_date": "2025-04-12T01:43:49.120833Z",
      "stabilities": [
        "unstable"
      ],
      "unfree": false,
      "version": "1.22.1",
      "outputs_to_install": [
        "out"
      ],
      "outputs": {
        "out": "/nix/store/07yi3ll67cxxbxm8ly0aa6crjzj1w3z3-starship-1.22.1"
      },
      "system": "x86_64-darwin",
      "group": "toplevel",
      "priority": 5
    },
    {
      "attr_path": "starship",
      "broken": false,
      "derivation": "/nix/store/sb68zzcfahbklv7g9dfirqnpg0s4p7dv-starship-1.22.1.drv",
      "description": "Minimal, blazing fast, and extremely customizable prompt for any shell",
      "install_id": "starship",
      "license": "ISC",
      "locked_url": "https://github.com/flox/nixpkgs?rev=f675531bc7e6657c10a18b565cfebd8aa9e24c14",
      "name": "starship-1.22.1",
      "pname": "starship",
      "rev": "f675531bc7e6657c10a18b565cfebd8aa9e24c14",
      "rev_count": 781462,
      "rev_date": "2025-04-09T21:06:01Z",
      "scrape_date": "2025-04-12T02:02:36.436533Z",
      "stabilities": [
        "unstable"
      ],
      "unfree": false,
      "version": "1.22.1",
      "outputs_to_install": [
        "out"
      ],
      "outputs": {
        "out": "/nix/store/8z0s76z97izq0idblkyx42n8466qh05q-starship-1.22.1"
      },
      "system": "x86_64-linux",
      "group": "toplevel",
      "priority": 5
    },
    {
      "install_id": "nixvim",
      "locked-url": "github:cookieuzen/nixvim/27f91ed9818837c8e534d7a2a03004594bbb234e?narHash=sha256-7O14ptqDKBW5edooo2H/TVlxsvkstkLNYbFlJA/8jsU%3D",
      "flake-description": "A nixvim configuration",
      "locked-flake-attr-path": "packages.aarch64-darwin.default",
      "derivation": "/nix/store/68agbx8qrybg8cnp0xqfln7a9rkynh20-nixvim.drv",
      "outputs": {
        "out": "/nix/store/b2ap9hhsmip7wd8wqaa0a15my60xyc9c-nixvim"
      },
      "output-names": [
        "out"
      ],
      "outputs-to-install": [
        "out"
      ],
      "requested-outputs-to-install": [],
      "package-system": "aarch64-darwin",
      "system": "aarch64-darwin",
      "name": "nixvim",
      "broken": false,
      "unfree": false,
      "priority": 5
    },
    {
      "install_id": "nixvim",
      "locked-url": "github:cookieuzen/nixvim/27f91ed9818837c8e534d7a2a03004594bbb234e?narHash=sha256-7O14ptqDKBW5edooo2H/TVlxsvkstkLNYbFlJA/8jsU%3D",
      "flake-description": "A nixvim configuration",
      "locked-flake-attr-path": "packages.aarch64-linux.default",
      "derivation": "/nix/store/kkf3zm81xj6rykm006w5y4d613rzxc0m-nixvim.drv",
      "outputs": {
        "out": "/nix/store/1cn1k8d27nq1mrz43hxddj08ggj201fs-nixvim"
      },
      "output-names": [
        "out"
      ],
      "outputs-to-install": [
        "out"
      ],
      "requested-outputs-to-install": [],
      "package-system": "aarch64-linux",
      "system": "aarch64-linux",
      "name": "nixvim",
      "broken": false,
      "unfree": false,
      "priority": 5
    },
    {
      "install_id": "nixvim",
      "locked-url": "github:cookieuzen/nixvim/27f91ed9818837c8e534d7a2a03004594bbb234e?narHash=sha256-7O14ptqDKBW5edooo2H/TVlxsvkstkLNYbFlJA/8jsU%3D",
      "flake-description": "A nixvim configuration",
      "locked-flake-attr-path": "packages.x86_64-darwin.default",
      "derivation": "/nix/store/swsh8jwc26cpfz80ilr7122h9xj2h2m9-nixvim.drv",
      "outputs": {
        "out": "/nix/store/bgblaf7agxq4mnss67vsjpjk28g56006-nixvim"
      },
      "output-names": [
        "out"
      ],
      "outputs-to-install": [
        "out"
      ],
      "requested-outputs-to-install": [],
      "package-system": "x86_64-darwin",
      "system": "x86_64-darwin",
      "name": "nixvim",
      "broken": false,
      "unfree": false,
      "priority": 5
    },
    {
      "install_id": "nixvim",
      "locked-url": "github:cookieuzen/nixvim/27f91ed9818837c8e534d7a2a03004594bbb234e?narHash=sha256-7O14ptqDKBW5edooo2H/TVlxsvkstkLNYbFlJA/8jsU%3D",
      "flake-description": "A nixvim configuration",
      "locked-flake-attr-path": "packages.x86_64-linux.default",
      "derivation": "/nix/store/qs2hhzbz30vxkbbm8ni9nz5mlkw1xq6y-nixvim.drv",
      "outputs": {
        "out": "/nix/store/vnncll7ha7mrb5qm99nmj1d3wk8rxrmq-nixvim"
      },
      "output-names": [
        "out"
      ],
      "outputs-to-install": [
        "out"
      ],
      "requested-outputs-to-install": [],
      "package-system": "x86_64-linux",
      "system": "x86_64-linux",
      "name": "nixvim",
      "broken": false,
      "unfree": false,
      "priority": 5
    }
  ]
}